// !$*UTF8*$!
{
	archiveVersion = 1;
	classes = {
	};
	objectVersion = 56;
	objects = {

/* Begin PBXBuildFile section */
		AA0001010000000000000001 /* ToukanApp.swift in Sources */ = {isa = PBXBuildFile; fileRef = BB0001010000000000000001 /* ToukanApp.swift */; };

		AA0001010000000000000003 /* Assets.xcassets in Resources */ = {isa = PBXBuildFile; fileRef = BB0001010000000000000003 /* Assets.xcassets */; };
		AA0001010000000000000004 /* NotionAPIClient.swift in Sources */ = {isa = PBXBuildFile; fileRef = BB0001010000000000000006 /* NotionAPIClient.swift */; };
		AA0001010000000000000005 /* MarkdownParser.swift in Sources */ = {isa = PBXBuildFile; fileRef = BB0001010000000000000007 /* MarkdownParser.swift */; };
		AA0001010000000000000006 /* MarkdownParserTests.swift in Sources */ = {isa = PBXBuildFile; fileRef = BB0001010000000000000008 /* MarkdownParserTests.swift */; };
		AA0001010000000000000007 /* NotionAPIClientTests.swift in Sources */ = {isa = PBXBuildFile; fileRef = BB0001010000000000000009 /* NotionAPIClientTests.swift */; };
		AA0001010000000000000008 /* BookmarkManager.swift in Sources */ = {isa = PBXBuildFile; fileRef = BB0001010000000000000012 /* BookmarkManager.swift */; };
		AA0001010000000000000009 /* DirectoryWatcher.swift in Sources */ = {isa = PBXBuildFile; fileRef = BB0001010000000000000013 /* DirectoryWatcher.swift */; };
		AA0001010000000000000010 /* SyncEngine.swift in Sources */ = {isa = PBXBuildFile; fileRef = BB0001010000000000000014 /* SyncEngine.swift */; };
		AA0001010000000000000011 /* KeychainManager.swift in Sources */ = {isa = PBXBuildFile; fileRef = BB0001010000000000000015 /* KeychainManager.swift */; };
		AA0001010000000000000012 /* SettingsView.swift in Sources */ = {isa = PBXBuildFile; fileRef = BB0001010000000000000016 /* SettingsView.swift */; };
		AA0001010000000000000013 /* Localization.swift in Sources */ = {isa = PBXBuildFile; fileRef = BB0001010000000000000017 /* Localization.swift */; };
		AA0001010000000000000014 /* NotionURLParser.swift in Sources */ = {isa = PBXBuildFile; fileRef = BB0001010000000000000018 /* NotionURLParser.swift */; };
		AA0001010000000000000015 /* NotionURLParserTests.swift in Sources */ = {isa = PBXBuildFile; fileRef = BB0001010000000000000019 /* NotionURLParserTests.swift */; };
		AA0001010000000000000016 /* SyncTargetTests.swift in Sources */ = {isa = PBXBuildFile; fileRef = BB0001010000000000000020 /* SyncTargetTests.swift */; };
/* End PBXBuildFile section */

/* Begin PBXContainerItemProxy section */
		GG0001010000000000000001 /* PBXContainerItemProxy */ = {
			isa = PBXContainerItemProxy;
			containerPortal = EE0001010000000000000010 /* Project object */;
			proxyType = 1;
			remoteGlobalIDString = EE0001010000000000000001;
			remoteInfo = Toukan;
		};
/* End PBXContainerItemProxy section */

/* Begin PBXFileReference section */
		BB0001010000000000000001 /* ToukanApp.swift */ = {isa = PBXFileReference; lastKnownFileType = sourcecode.swift; path = ToukanApp.swift; sourceTree = "<group>"; };

		BB0001010000000000000003 /* Assets.xcassets */ = {isa = PBXFileReference; lastKnownFileType = folder.assetcatalog; path = Assets.xcassets; sourceTree = "<group>"; };
		BB0001010000000000000004 /* Info.plist */ = {isa = PBXFileReference; lastKnownFileType = text.plist.xml; path = Info.plist; sourceTree = "<group>"; };
		BB0001010000000000000005 /* Toukan.entitlements */ = {isa = PBXFileReference; lastKnownFileType = text.plist.entitlements; path = Toukan.entitlements; sourceTree = "<group>"; };
		BB0001010000000000000006 /* NotionAPIClient.swift */ = {isa = PBXFileReference; lastKnownFileType = sourcecode.swift; path = NotionAPIClient.swift; sourceTree = "<group>"; };
		BB0001010000000000000007 /* MarkdownParser.swift */ = {isa = PBXFileReference; lastKnownFileType = sourcecode.swift; path = MarkdownParser.swift; sourceTree = "<group>"; };
		BB0001010000000000000008 /* MarkdownParserTests.swift */ = {isa = PBXFileReference; lastKnownFileType = sourcecode.swift; path = MarkdownParserTests.swift; sourceTree = "<group>"; };
		BB0001010000000000000009 /* NotionAPIClientTests.swift */ = {isa = PBXFileReference; lastKnownFileType = sourcecode.swift; path = NotionAPIClientTests.swift; sourceTree = "<group>"; };
		BB0001010000000000000012 /* BookmarkManager.swift */ = {isa = PBXFileReference; lastKnownFileType = sourcecode.swift; path = BookmarkManager.swift; sourceTree = "<group>"; };
		BB0001010000000000000013 /* DirectoryWatcher.swift */ = {isa = PBXFileReference; lastKnownFileType = sourcecode.swift; path = DirectoryWatcher.swift; sourceTree = "<group>"; };
		BB0001010000000000000014 /* SyncEngine.swift */ = {isa = PBXFileReference; lastKnownFileType = sourcecode.swift; path = SyncEngine.swift; sourceTree = "<group>"; };
		BB0001010000000000000015 /* KeychainManager.swift */ = {isa = PBXFileReference; lastKnownFileType = sourcecode.swift; path = KeychainManager.swift; sourceTree = "<group>"; };
		BB0001010000000000000016 /* SettingsView.swift */ = {isa = PBXFileReference; lastKnownFileType = sourcecode.swift; path = SettingsView.swift; sourceTree = "<group>"; };
		BB0001010000000000000017 /* Localization.swift */ = {isa = PBXFileReference; lastKnownFileType = sourcecode.swift; path = Localization.swift; sourceTree = "<group>"; };
		BB0001010000000000000018 /* NotionURLParser.swift */ = {isa = PBXFileReference; lastKnownFileType = sourcecode.swift; path = NotionURLParser.swift; sourceTree = "<group>"; };
		BB0001010000000000000019 /* NotionURLParserTests.swift */ = {isa = PBXFileReference; lastKnownFileType = sourcecode.swift; path = NotionURLParserTests.swift; sourceTree = "<group>"; };
		BB0001010000000000000020 /* SyncTargetTests.swift */ = {isa = PBXFileReference; lastKnownFileType = sourcecode.swift; path = SyncTargetTests.swift; sourceTree = "<group>"; };
		BB0001010000000000000010 /* Toukan.app */ = {isa = PBXFileReference; explicitFileType = wrapper.application; includeInIndex = 0; path = Toukan.app; sourceTree = BUILT_PRODUCTS_DIR; };
		BB0001010000000000000011 /* ToukanTests.xctest */ = {isa = PBXFileReference; explicitFileType = wrapper.cfbundle; includeInIndex = 0; path = ToukanTests.xctest; sourceTree = BUILT_PRODUCTS_DIR; };
/* End PBXFileReference section */

/* Begin PBXFrameworksBuildPhase section */
		CC0001010000000000000001 /* Frameworks */ = {
			isa = PBXFrameworksBuildPhase;
			buildActionMask = 2147483647;
			files = (
			);
			runOnlyForDeploymentPostprocessing = 0;
		};
		CC0001010000000000000002 /* Frameworks */ = {
			isa = PBXFrameworksBuildPhase;
			buildActionMask = 2147483647;
			files = (
			);
			runOnlyForDeploymentPostprocessing = 0;
		};
/* End PBXFrameworksBuildPhase section */

/* Begin PBXGroup section */
		DD0001010000000000000001 = {
			isa = PBXGroup;
			children = (
				DD0001010000000000000002 /* Toukan */,
				DD0001010000000000000005 /* ToukanTests */,
				DD0001010000000000000003 /* Products */,
			);
			sourceTree = "<group>";
		};
		DD0001010000000000000002 /* Toukan */ = {
			isa = PBXGroup;
			children = (
				BB0001010000000000000001 /* ToukanApp.swift */,
				BB0001010000000000000017 /* Localization.swift */,
				DD0001010000000000000007 /* Models */,
				DD0001010000000000000004 /* Services */,
				DD0001010000000000000006 /* Views */,
				BB0001010000000000000003 /* Assets.xcassets */,
				BB0001010000000000000004 /* Info.plist */,
				BB0001010000000000000005 /* Toukan.entitlements */,
			);
			path = Toukan;
			sourceTree = "<group>";
		};
		DD0001010000000000000006 /* Views */ = {
			isa = PBXGroup;
			children = (
				BB0001010000000000000016 /* SettingsView.swift */,
			);
			path = Views;
			sourceTree = "<group>";
		};
		DD0001010000000000000003 /* Products */ = {
			isa = PBXGroup;
			children = (
				BB0001010000000000000010 /* Toukan.app */,
				BB0001010000000000000011 /* ToukanTests.xctest */,
			);
			name = Products;
			sourceTree = "<group>";
		};
		DD0001010000000000000007 /* Models */ = {
			isa = PBXGroup;
			children = (
			);
			path = Models;
			sourceTree = "<group>";
		};
		DD0001010000000000000004 /* Services */ = {
			isa = PBXGroup;
			children = (
				BB0001010000000000000006 /* NotionAPIClient.swift */,
				BB0001010000000000000007 /* MarkdownParser.swift */,
				BB0001010000000000000012 /* BookmarkManager.swift */,
				BB0001010000000000000013 /* DirectoryWatcher.swift */,
				BB0001010000000000000014 /* SyncEngine.swift */,
				BB0001010000000000000015 /* KeychainManager.swift */,
				BB0001010000000000000018 /* NotionURLParser.swift */,
			);
			path = Services;
			sourceTree = "<group>";
		};
		DD0001010000000000000005 /* ToukanTests */ = {
			isa = PBXGroup;
			children = (
				BB0001010000000000000008 /* MarkdownParserTests.swift */,
				BB0001010000000000000009 /* NotionAPIClientTests.swift */,
				BB0001010000000000000019 /* NotionURLParserTests.swift */,
				BB0001010000000000000020 /* SyncTargetTests.swift */,
			);
			path = ToukanTests;
			sourceTree = "<group>";
		};
/* End PBXGroup section */

/* Begin PBXNativeTarget section */
		EE0001010000000000000001 /* Toukan */ = {
			isa = PBXNativeTarget;
			buildConfigurationList = FF0001010000000000000002 /* Build configuration list for PBXNativeTarget "Toukan" */;
			buildPhases = (
				EE0001010000000000000002 /* Sources */,
				CC0001010000000000000001 /* Frameworks */,
				EE0001010000000000000003 /* Resources */,
			);
			buildRules = (
			);
			dependencies = (
			);
			name = Toukan;
			productName = Toukan;
			productReference = BB0001010000000000000010 /* Toukan.app */;
			productType = "com.apple.product-type.application";
		};
		EE0001010000000000000004 /* ToukanTests */ = {
			isa = PBXNativeTarget;
			buildConfigurationList = FF0001010000000000000003 /* Build configuration list for PBXNativeTarget "ToukanTests" */;
			buildPhases = (
				EE0001010000000000000005 /* Sources */,
				CC0001010000000000000002 /* Frameworks */,
				EE0001010000000000000006 /* Resources */,
			);
			buildRules = (
			);
			dependencies = (
				HH0001010000000000000001 /* PBXTargetDependency */,
			);
			name = ToukanTests;
			productName = ToukanTests;
			productReference = BB0001010000000000000011 /* ToukanTests.xctest */;
			productType = "com.apple.product-type.bundle.unit-test";
		};
/* End PBXNativeTarget section */

/* Begin PBXProject section */
		EE0001010000000000000010 /* Project object */ = {
			isa = PBXProject;
			attributes = {
				BuildIndependentTargetsInParallel = 1;
				LastSwiftUpdateCheck = 1620;
				LastUpgradeCheck = 1620;
			};
			buildConfigurationList = FF0001010000000000000001 /* Build configuration list for PBXProject "Toukan" */;
			compatibilityVersion = "Xcode 14.0";
			developmentRegion = en;
			hasScannedForEncodings = 0;
			knownRegions = (
				en,
				Base,
				ja,
			);
			mainGroup = DD0001010000000000000001;
			productRefGroup = DD0001010000000000000003 /* Products */;
			projectDirPath = "";
			projectRoot = "";
			targets = (
				EE0001010000000000000001 /* Toukan */,
				EE0001010000000000000004 /* ToukanTests */,
			);
		};
/* End PBXProject section */

/* Begin PBXResourcesBuildPhase section */
		EE0001010000000000000003 /* Resources */ = {
			isa = PBXResourcesBuildPhase;
			buildActionMask = 2147483647;
			files = (
				AA0001010000000000000003 /* Assets.xcassets in Resources */,
			);
			runOnlyForDeploymentPostprocessing = 0;
		};
		EE0001010000000000000006 /* Resources */ = {
			isa = PBXResourcesBuildPhase;
			buildActionMask = 2147483647;
			files = (
			);
			runOnlyForDeploymentPostprocessing = 0;
		};
/* End PBXResourcesBuildPhase section */

/* Begin PBXSourcesBuildPhase section */
		EE0001010000000000000002 /* Sources */ = {
			isa = PBXSourcesBuildPhase;
			buildActionMask = 2147483647;
			files = (
				AA0001010000000000000001 /* ToukanApp.swift in Sources */,

				AA0001010000000000000004 /* NotionAPIClient.swift in Sources */,
				AA0001010000000000000005 /* MarkdownParser.swift in Sources */,
				AA0001010000000000000008 /* BookmarkManager.swift in Sources */,
				AA0001010000000000000009 /* DirectoryWatcher.swift in Sources */,
				AA0001010000000000000010 /* SyncEngine.swift in Sources */,
				AA0001010000000000000011 /* KeychainManager.swift in Sources */,
				AA0001010000000000000012 /* SettingsView.swift in Sources */,
				AA0001010000000000000013 /* Localization.swift in Sources */,
				AA0001010000000000000014 /* NotionURLParser.swift in Sources */,
			);
			runOnlyForDeploymentPostprocessing = 0;
		};
		EE0001010000000000000005 /* Sources */ = {
			isa = PBXSourcesBuildPhase;
			buildActionMask = 2147483647;
			files = (
				AA0001010000000000000006 /* MarkdownParserTests.swift in Sources */,
				AA0001010000000000000007 /* NotionAPIClientTests.swift in Sources */,
				AA0001010000000000000015 /* NotionURLParserTests.swift in Sources */,
				AA0001010000000000000016 /* SyncTargetTests.swift in Sources */,
			);
			runOnlyForDeploymentPostprocessing = 0;
		};
/* End PBXSourcesBuildPhase section */

/* Begin PBXTargetDependency section */
		HH0001010000000000000001 /* PBXTargetDependency */ = {
			isa = PBXTargetDependency;
			target = EE0001010000000000000001 /* Toukan */;
			targetProxy = GG0001010000000000000001 /* PBXContainerItemProxy */;
		};
/* End PBXTargetDependency section */

/* Begin XCBuildConfiguration section */
		FF0001010000000000000011 /* Debug */ = {
			isa = XCBuildConfiguration;
			buildSettings = {
				ALWAYS_SEARCH_USER_PATHS = NO;
				CLANG_ANALYZER_NONNULL = YES;
				CLANG_CXX_LANGUAGE_STANDARD = "gnu++20";
				CLANG_ENABLE_MODULES = YES;
				CLANG_ENABLE_OBJC_ARC = YES;
				COPY_PHASE_STRIP = NO;
				DEBUG_INFORMATION_FORMAT = dwarf;
				ENABLE_STRICT_OBJC_MSGSEND = YES;
				ENABLE_TESTABILITY = YES;
				GCC_DYNAMIC_NO_PIC = NO;
				GCC_OPTIMIZATION_LEVEL = 0;
				GCC_PREPROCESSOR_DEFINITIONS = (
					"DEBUG=1",
					"$(inherited)",
				);
				GCC_WARN_ABOUT_RETURN_TYPE = YES_ERROR;
				GCC_WARN_UNINITIALIZED_AUTOS = YES_AGGRESSIVE;
				MACOSX_DEPLOYMENT_TARGET = 14.0;
				MTL_ENABLE_DEBUG_INFO = INCLUDE_SOURCE;
				ONLY_ACTIVE_ARCH = YES;
				SDKROOT = macosx;
				SWIFT_ACTIVE_COMPILATION_CONDITIONS = DEBUG;
				SWIFT_OPTIMIZATION_LEVEL = "-Onone";
			};
			name = Debug;
		};
		FF0001010000000000000012 /* Release */ = {
			isa = XCBuildConfiguration;
			buildSettings = {
				ALWAYS_SEARCH_USER_PATHS = NO;
				CLANG_ANALYZER_NONNULL = YES;
				CLANG_CXX_LANGUAGE_STANDARD = "gnu++20";
				CLANG_ENABLE_MODULES = YES;
				CLANG_ENABLE_OBJC_ARC = YES;
				COPY_PHASE_STRIP = NO;
				DEBUG_INFORMATION_FORMAT = "dwarf-with-dsym";
				ENABLE_NS_ASSERTIONS = NO;
				ENABLE_STRICT_OBJC_MSGSEND = YES;
				GCC_WARN_ABOUT_RETURN_TYPE = YES_ERROR;
				GCC_WARN_UNINITIALIZED_AUTOS = YES_AGGRESSIVE;
				MACOSX_DEPLOYMENT_TARGET = 14.0;
				SDKROOT = macosx;
				SWIFT_COMPILATION_MODE = wholemodule;
				SWIFT_OPTIMIZATION_LEVEL = "-O";
			};
			name = Release;
		};
		FF0001010000000000000013 /* Debug */ = {
			isa = XCBuildConfiguration;
			buildSettings = {
				ASSETCATALOG_COMPILER_APPICON_NAME = AppIcon;
				CODE_SIGN_ENTITLEMENTS = Toukan/Toukan.entitlements;
				CODE_SIGN_IDENTITY = "Apple Development";
				CODE_SIGN_STYLE = Automatic;
				COMBINE_HIDPI_IMAGES = YES;
				CURRENT_PROJECT_VERSION = 5;
				DEVELOPMENT_TEAM = V9LK8PKJ37;
				ENABLE_HARDENED_RUNTIME = YES;
				GENERATE_INFOPLIST_FILE = NO;
				INFOPLIST_FILE = Toukan/Info.plist;
				LD_RUNPATH_SEARCH_PATHS = (
					"$(inherited)",
					"@executable_path/../Frameworks",
				);
				MARKETING_VERSION = 1.0;
				PRODUCT_BUNDLE_IDENTIFIER = com.clevique.Toukan;
				PRODUCT_NAME = "$(TARGET_NAME)";
				SWIFT_EMIT_LOC_STRINGS = YES;
				SWIFT_VERSION = 6.0;
			};
			name = Debug;
		};
		FF0001010000000000000014 /* Release */ = {
			isa = XCBuildConfiguration;
			buildSettings = {
				ASSETCATALOG_COMPILER_APPICON_NAME = AppIcon;
				CODE_SIGN_ENTITLEMENTS = Toukan/Toukan.entitlements;
				CODE_SIGN_IDENTITY = "Apple Development";
				CODE_SIGN_STYLE = Automatic;
				COMBINE_HIDPI_IMAGES = YES;
				CURRENT_PROJECT_VERSION = 5;
				DEVELOPMENT_TEAM = V9LK8PKJ37;
				ENABLE_HARDENED_RUNTIME = YES;
				GENERATE_INFOPLIST_FILE = NO;
				INFOPLIST_FILE = Toukan/Info.plist;
				LD_RUNPATH_SEARCH_PATHS = (
					"$(inherited)",
					"@executable_path/../Frameworks",
				);
				MARKETING_VERSION = 1.0;
				PRODUCT_BUNDLE_IDENTIFIER = com.clevique.Toukan;
				PRODUCT_NAME = "$(TARGET_NAME)";
				SWIFT_EMIT_LOC_STRINGS = YES;
				SWIFT_VERSION = 6.0;
			};
			name = Release;
		};
		FF0001010000000000000015 /* Debug */ = {
			isa = XCBuildConfiguration;
			buildSettings = {
				BUNDLE_LOADER = "$(TEST_HOST)";
				CODE_SIGN_IDENTITY = "-";
				CODE_SIGN_STYLE = Automatic;
				CURRENT_PROJECT_VERSION = 5;
				DEVELOPMENT_TEAM = V9LK8PKJ37;
				GENERATE_INFOPLIST_FILE = YES;
				MARKETING_VERSION = 1.0;
				PRODUCT_BUNDLE_IDENTIFIER = com.clevique.ToukanTests;
				PRODUCT_NAME = "$(TARGET_NAME)";
				SWIFT_EMIT_LOC_STRINGS = NO;
				SWIFT_VERSION = 6.0;
				TEST_HOST = "$(BUILT_PRODUCTS_DIR)/Toukan.app/$(BUNDLE_EXECUTABLE_FOLDER_PATH)/Toukan";
			};
			name = Debug;
		};
		FF0001010000000000000016 /* Release */ = {
			isa = XCBuildConfiguration;
			buildSettings = {
				BUNDLE_LOADER = "$(TEST_HOST)";
				CODE_SIGN_IDENTITY = "-";
				CODE_SIGN_STYLE = Automatic;
				CURRENT_PROJECT_VERSION = 5;
				DEVELOPMENT_TEAM = V9LK8PKJ37;
				GENERATE_INFOPLIST_FILE = YES;
				MARKETING_VERSION = 1.0;
				PRODUCT_BUNDLE_IDENTIFIER = com.clevique.ToukanTests;
				PRODUCT_NAME = "$(TARGET_NAME)";
				SWIFT_EMIT_LOC_STRINGS = NO;
				SWIFT_VERSION = 6.0;
				TEST_HOST = "$(BUILT_PRODUCTS_DIR)/Toukan.app/$(BUNDLE_EXECUTABLE_FOLDER_PATH)/Toukan";
			};
			name = Release;
		};
/* End XCBuildConfiguration section */

/* Begin XCConfigurationList section */
		FF0001010000000000000001 /* Build configuration list for PBXProject "Toukan" */ = {
			isa = XCConfigurationList;
			buildConfigurations = (
				FF0001010000000000000011 /* Debug */,
				FF0001010000000000000012 /* Release */,
			);
			defaultConfigurationIsVisible = 0;
			defaultConfigurationName = Release;
		};
		FF0001010000000000000002 /* Build configuration list for PBXNativeTarget "Toukan" */ = {
			isa = XCConfigurationList;
			buildConfigurations = (
				FF0001010000000000000013 /* Debug */,
				FF0001010000000000000014 /* Release */,
			);
			defaultConfigurationIsVisible = 0;
			defaultConfigurationName = Release;
		};
		FF0001010000000000000003 /* Build configuration list for PBXNativeTarget "ToukanTests" */ = {
			isa = XCConfigurationList;
			buildConfigurations = (
				FF0001010000000000000015 /* Debug */,
				FF0001010000000000000016 /* Release */,
			);
			defaultConfigurationIsVisible = 0;
			defaultConfigurationName = Release;
		};
/* End XCConfigurationList section */

	};
	rootObject = EE0001010000000000000010 /* Project object */;
}
